// !$*UTF8*$!
{
	archiveVersion = 1;
	classes = {
	};
	objectVersion = 56;
	objects = {

/* Begin PBXBuildFile section */
		035549382B6B934F00A08D0D /* DevViewController.swift in Sources */ = {isa = PBXBuildFile; fileRef = 035549372B6B934F00A08D0D /* DevViewController.swift */; };
		0355493C2B6B93C300A08D0D /* ListViewController.swift in Sources */ = {isa = PBXBuildFile; fileRef = 0355493B2B6B93C300A08D0D /* ListViewController.swift */; };
		0355493E2B6B94C200A08D0D /* ListItem.xib in Resources */ = {isa = PBXBuildFile; fileRef = 0355493D2B6B94C200A08D0D /* ListItem.xib */; };
		035549432B6B955A00A08D0D /* ListItem.swift in Sources */ = {isa = PBXBuildFile; fileRef = 035549422B6B955A00A08D0D /* ListItem.swift */; };
		035549462B6B995700A08D0D /* GridViewController.swift in Sources */ = {isa = PBXBuildFile; fileRef = 035549452B6B995700A08D0D /* GridViewController.swift */; };
		035549482B6B9A7800A08D0D /* TextItem.xib in Resources */ = {isa = PBXBuildFile; fileRef = 035549472B6B9A7800A08D0D /* TextItem.xib */; };
		0355494A2B6B9A8E00A08D0D /* TextItem.swift in Sources */ = {isa = PBXBuildFile; fileRef = 035549492B6B9A8E00A08D0D /* TextItem.swift */; };
		0355494D2B6B9ACD00A08D0D /* NSColor+Extension.swift in Sources */ = {isa = PBXBuildFile; fileRef = 0355494C2B6B9ACD00A08D0D /* NSColor+Extension.swift */; };
		035549502B6B9BF000A08D0D /* InsetItemsGridViewController.swift in Sources */ = {isa = PBXBuildFile; fileRef = 0355494F2B6B9BF000A08D0D /* InsetItemsGridViewController.swift */; };
		035549532B6B9C8700A08D0D /* InsetItemsGrid.storyboard in Resources */ = {isa = PBXBuildFile; fileRef = 035549522B6B9C8700A08D0D /* InsetItemsGrid.storyboard */; };
		035549552B6B9D4E00A08D0D /* List.storyboard in Resources */ = {isa = PBXBuildFile; fileRef = 035549542B6B9D4E00A08D0D /* List.storyboard */; };
		035549572B6B9D5800A08D0D /* Grid.storyboard in Resources */ = {isa = PBXBuildFile; fileRef = 035549562B6B9D5800A08D0D /* Grid.storyboard */; };
		035549592B6B9D7200A08D0D /* Dev.storyboard in Resources */ = {isa = PBXBuildFile; fileRef = 035549582B6B9D7200A08D0D /* Dev.storyboard */; };
		0355495B2B6B9FF000A08D0D /* TwoColumns.storyboard in Resources */ = {isa = PBXBuildFile; fileRef = 0355495A2B6B9FF000A08D0D /* TwoColumns.storyboard */; };
		0355495E2B6BA03800A08D0D /* TwoColumnsGridViewController.swift in Sources */ = {isa = PBXBuildFile; fileRef = 0355495D2B6BA03800A08D0D /* TwoColumnsGridViewController.swift */; };
		035549612B6BBC6D00A08D0D /* DistinctSectionsViewController.swift in Sources */ = {isa = PBXBuildFile; fileRef = 035549602B6BBC6D00A08D0D /* DistinctSectionsViewController.swift */; };
		035549632B6BBC7F00A08D0D /* DistinctSections.storyboard in Resources */ = {isa = PBXBuildFile; fileRef = 035549622B6BBC7F00A08D0D /* DistinctSections.storyboard */; };
		035549652B6BC20F00A08D0D /* AdaptiveSections.storyboard in Resources */ = {isa = PBXBuildFile; fileRef = 035549642B6BC20F00A08D0D /* AdaptiveSections.storyboard */; };
		035549682B6BC24A00A08D0D /* AdaptiveSectionsViewController.swift in Sources */ = {isa = PBXBuildFile; fileRef = 035549672B6BC24A00A08D0D /* AdaptiveSectionsViewController.swift */; };
		0355496B2B6BC43E00A08D0D /* ItemBadgeSupplementary.storyboard in Resources */ = {isa = PBXBuildFile; fileRef = 0355496A2B6BC43E00A08D0D /* ItemBadgeSupplementary.storyboard */; };
		0355496D2B6BC47800A08D0D /* ItemBadgeSupplementaryViewController.swift in Sources */ = {isa = PBXBuildFile; fileRef = 0355496C2B6BC47800A08D0D /* ItemBadgeSupplementaryViewController.swift */; };
		0355496F2B6BC6F100A08D0D /* BadgeSupplementaryView.xib in Resources */ = {isa = PBXBuildFile; fileRef = 0355496E2B6BC6F100A08D0D /* BadgeSupplementaryView.xib */; };
		035549712B6BC98000A08D0D /* SectionHeaderFooter.storyboard in Resources */ = {isa = PBXBuildFile; fileRef = 035549702B6BC98000A08D0D /* SectionHeaderFooter.storyboard */; };
		035549742B6BC9D600A08D0D /* SectionHeaderFooterViewController.swift in Sources */ = {isa = PBXBuildFile; fileRef = 035549732B6BC9D600A08D0D /* SectionHeaderFooterViewController.swift */; };
		035549762B6BCA8B00A08D0D /* TitleSupplementaryView.swift in Sources */ = {isa = PBXBuildFile; fileRef = 035549752B6BCA8B00A08D0D /* TitleSupplementaryView.swift */; };
		035549782B6BCA9A00A08D0D /* TitleSupplementaryView.xib in Resources */ = {isa = PBXBuildFile; fileRef = 035549772B6BCA9A00A08D0D /* TitleSupplementaryView.xib */; };
		0355497A2B6BE61B00A08D0D /* NestedGroups.storyboard in Resources */ = {isa = PBXBuildFile; fileRef = 035549792B6BE61B00A08D0D /* NestedGroups.storyboard */; };
		0355497D2B6BE67400A08D0D /* NestedGroupsViewController.swift in Sources */ = {isa = PBXBuildFile; fileRef = 0355497C2B6BE67400A08D0D /* NestedGroupsViewController.swift */; };
		0355497F2B6BE8A900A08D0D /* OrthogonalScrolling.storyboard in Resources */ = {isa = PBXBuildFile; fileRef = 0355497E2B6BE8A900A08D0D /* OrthogonalScrolling.storyboard */; };
		035549822B6BE91400A08D0D /* OrthogonalScrollingViewController.swift in Sources */ = {isa = PBXBuildFile; fileRef = 035549812B6BE91400A08D0D /* OrthogonalScrollingViewController.swift */; };
		0384ED012B6A755200411E02 /* AppDelegate.swift in Sources */ = {isa = PBXBuildFile; fileRef = 0384ED002B6A755200411E02 /* AppDelegate.swift */; };
		0384ED052B6A755300411E02 /* Assets.xcassets in Resources */ = {isa = PBXBuildFile; fileRef = 0384ED042B6A755300411E02 /* Assets.xcassets */; };
		0384ED082B6A755300411E02 /* Main.storyboard in Resources */ = {isa = PBXBuildFile; fileRef = 0384ED062B6A755300411E02 /* Main.storyboard */; };
		039D6B8A2B6F6640001D5729 /* ComposeLayout in Frameworks */ = {isa = PBXBuildFile; productRef = 039D6B892B6F6640001D5729 /* ComposeLayout */; };
/* End PBXBuildFile section */

/* Begin PBXFileReference section */
		035549372B6B934F00A08D0D /* DevViewController.swift */ = {isa = PBXFileReference; fileEncoding = 4; lastKnownFileType = sourcecode.swift; path = DevViewController.swift; sourceTree = "<group>"; };
		0355493B2B6B93C300A08D0D /* ListViewController.swift */ = {isa = PBXFileReference; lastKnownFileType = sourcecode.swift; path = ListViewController.swift; sourceTree = "<group>"; };
		0355493D2B6B94C200A08D0D /* ListItem.xib */ = {isa = PBXFileReference; fileEncoding = 4; lastKnownFileType = file.xib; path = ListItem.xib; sourceTree = "<group>"; };
		035549422B6B955A00A08D0D /* ListItem.swift */ = {isa = PBXFileReference; lastKnownFileType = sourcecode.swift; path = ListItem.swift; sourceTree = "<group>"; };
		035549452B6B995700A08D0D /* GridViewController.swift */ = {isa = PBXFileReference; lastKnownFileType = sourcecode.swift; path = GridViewController.swift; sourceTree = "<group>"; };
		035549472B6B9A7800A08D0D /* TextItem.xib */ = {isa = PBXFileReference; fileEncoding = 4; lastKnownFileType = file.xib; path = TextItem.xib; sourceTree = "<group>"; };
		035549492B6B9A8E00A08D0D /* TextItem.swift */ = {isa = PBXFileReference; lastKnownFileType = sourcecode.swift; path = TextItem.swift; sourceTree = "<group>"; };
		0355494C2B6B9ACD00A08D0D /* NSColor+Extension.swift */ = {isa = PBXFileReference; lastKnownFileType = sourcecode.swift; path = "NSColor+Extension.swift"; sourceTree = "<group>"; };
		0355494F2B6B9BF000A08D0D /* InsetItemsGridViewController.swift */ = {isa = PBXFileReference; lastKnownFileType = sourcecode.swift; path = InsetItemsGridViewController.swift; sourceTree = "<group>"; };
		035549522B6B9C8700A08D0D /* InsetItemsGrid.storyboard */ = {isa = PBXFileReference; lastKnownFileType = file.storyboard; path = InsetItemsGrid.storyboard; sourceTree = "<group>"; };
		035549542B6B9D4E00A08D0D /* List.storyboard */ = {isa = PBXFileReference; lastKnownFileType = file.storyboard; path = List.storyboard; sourceTree = "<group>"; };
		035549562B6B9D5800A08D0D /* Grid.storyboard */ = {isa = PBXFileReference; lastKnownFileType = file.storyboard; path = Grid.storyboard; sourceTree = "<group>"; };
		035549582B6B9D7200A08D0D /* Dev.storyboard */ = {isa = PBXFileReference; lastKnownFileType = file.storyboard; path = Dev.storyboard; sourceTree = "<group>"; };
		0355495A2B6B9FF000A08D0D /* TwoColumns.storyboard */ = {isa = PBXFileReference; lastKnownFileType = file.storyboard; path = TwoColumns.storyboard; sourceTree = "<group>"; };
		0355495D2B6BA03800A08D0D /* TwoColumnsGridViewController.swift */ = {isa = PBXFileReference; lastKnownFileType = sourcecode.swift; path = TwoColumnsGridViewController.swift; sourceTree = "<group>"; };
		035549602B6BBC6D00A08D0D /* DistinctSectionsViewController.swift */ = {isa = PBXFileReference; lastKnownFileType = sourcecode.swift; path = DistinctSectionsViewController.swift; sourceTree = "<group>"; };
		035549622B6BBC7F00A08D0D /* DistinctSections.storyboard */ = {isa = PBXFileReference; lastKnownFileType = file.storyboard; path = DistinctSections.storyboard; sourceTree = "<group>"; };
		035549642B6BC20F00A08D0D /* AdaptiveSections.storyboard */ = {isa = PBXFileReference; lastKnownFileType = file.storyboard; path = AdaptiveSections.storyboard; sourceTree = "<group>"; };
		035549672B6BC24A00A08D0D /* AdaptiveSectionsViewController.swift */ = {isa = PBXFileReference; lastKnownFileType = sourcecode.swift; path = AdaptiveSectionsViewController.swift; sourceTree = "<group>"; };
		0355496A2B6BC43E00A08D0D /* ItemBadgeSupplementary.storyboard */ = {isa = PBXFileReference; lastKnownFileType = file.storyboard; path = ItemBadgeSupplementary.storyboard; sourceTree = "<group>"; };
		0355496C2B6BC47800A08D0D /* ItemBadgeSupplementaryViewController.swift */ = {isa = PBXFileReference; lastKnownFileType = sourcecode.swift; path = ItemBadgeSupplementaryViewController.swift; sourceTree = "<group>"; };
		0355496E2B6BC6F100A08D0D /* BadgeSupplementaryView.xib */ = {isa = PBXFileReference; fileEncoding = 4; lastKnownFileType = file.xib; path = BadgeSupplementaryView.xib; sourceTree = "<group>"; };
		035549702B6BC98000A08D0D /* SectionHeaderFooter.storyboard */ = {isa = PBXFileReference; lastKnownFileType = file.storyboard; path = SectionHeaderFooter.storyboard; sourceTree = "<group>"; };
		035549732B6BC9D600A08D0D /* SectionHeaderFooterViewController.swift */ = {isa = PBXFileReference; lastKnownFileType = sourcecode.swift; path = SectionHeaderFooterViewController.swift; sourceTree = "<group>"; };
		035549752B6BCA8B00A08D0D /* TitleSupplementaryView.swift */ = {isa = PBXFileReference; fileEncoding = 4; lastKnownFileType = sourcecode.swift; path = TitleSupplementaryView.swift; sourceTree = "<group>"; };
		035549772B6BCA9A00A08D0D /* TitleSupplementaryView.xib */ = {isa = PBXFileReference; fileEncoding = 4; lastKnownFileType = file.xib; path = TitleSupplementaryView.xib; sourceTree = "<group>"; };
		035549792B6BE61B00A08D0D /* NestedGroups.storyboard */ = {isa = PBXFileReference; lastKnownFileType = file.storyboard; path = NestedGroups.storyboard; sourceTree = "<group>"; };
		0355497C2B6BE67400A08D0D /* NestedGroupsViewController.swift */ = {isa = PBXFileReference; lastKnownFileType = sourcecode.swift; path = NestedGroupsViewController.swift; sourceTree = "<group>"; };
		0355497E2B6BE8A900A08D0D /* OrthogonalScrolling.storyboard */ = {isa = PBXFileReference; lastKnownFileType = file.storyboard; path = OrthogonalScrolling.storyboard; sourceTree = "<group>"; };
		035549812B6BE91400A08D0D /* OrthogonalScrollingViewController.swift */ = {isa = PBXFileReference; lastKnownFileType = sourcecode.swift; path = OrthogonalScrollingViewController.swift; sourceTree = "<group>"; };
		0384ECFD2B6A755200411E02 /* CocoaExample.app */ = {isa = PBXFileReference; explicitFileType = wrapper.application; includeInIndex = 0; path = CocoaExample.app; sourceTree = BUILT_PRODUCTS_DIR; };
		0384ED002B6A755200411E02 /* AppDelegate.swift */ = {isa = PBXFileReference; lastKnownFileType = sourcecode.swift; path = AppDelegate.swift; sourceTree = "<group>"; };
		0384ED042B6A755300411E02 /* Assets.xcassets */ = {isa = PBXFileReference; lastKnownFileType = folder.assetcatalog; path = Assets.xcassets; sourceTree = "<group>"; };
		0384ED072B6A755300411E02 /* Base */ = {isa = PBXFileReference; lastKnownFileType = file.storyboard; name = Base; path = Base.lproj/Main.storyboard; sourceTree = "<group>"; };
		0384ED092B6A755300411E02 /* CocoaExample.entitlements */ = {isa = PBXFileReference; lastKnownFileType = text.plist.entitlements; path = CocoaExample.entitlements; sourceTree = "<group>"; };
		039D6B8B2B6F66A0001D5729 /* ComposeLayout */ = {isa = PBXFileReference; lastKnownFileType = wrapper; name = ComposeLayout; path = ../..; sourceTree = "<group>"; };
/* End PBXFileReference section */

/* Begin PBXFrameworksBuildPhase section */
		0384ECFA2B6A755200411E02 /* Frameworks */ = {
			isa = PBXFrameworksBuildPhase;
			buildActionMask = 2147483647;
			files = (
				039D6B8A2B6F6640001D5729 /* ComposeLayout in Frameworks */,
			);
			runOnlyForDeploymentPostprocessing = 0;
		};
/* End PBXFrameworksBuildPhase section */

/* Begin PBXGroup section */
		035549392B6B939600A08D0D /* List */ = {
			isa = PBXGroup;
			children = (
				0355493B2B6B93C300A08D0D /* ListViewController.swift */,
			);
			path = List;
			sourceTree = "<group>";
		};
		0355493A2B6B93AC00A08D0D /* Dev */ = {
			isa = PBXGroup;
			children = (
				035549372B6B934F00A08D0D /* DevViewController.swift */,
			);
			path = Dev;
			sourceTree = "<group>";
		};
		0355493F2B6B951200A08D0D /* Xibs */ = {
			isa = PBXGroup;
			children = (
				0355496E2B6BC6F100A08D0D /* BadgeSupplementaryView.xib */,
				035549772B6BCA9A00A08D0D /* TitleSupplementaryView.xib */,
				035549472B6B9A7800A08D0D /* TextItem.xib */,
				0355493D2B6B94C200A08D0D /* ListItem.xib */,
			);
			path = Xibs;
			sourceTree = "<group>";
		};
		035549412B6B952600A08D0D /* Items */ = {
			isa = PBXGroup;
			children = (
				035549752B6BCA8B00A08D0D /* TitleSupplementaryView.swift */,
				035549422B6B955A00A08D0D /* ListItem.swift */,
				035549492B6B9A8E00A08D0D /* TextItem.swift */,
			);
			path = Items;
			sourceTree = "<group>";
		};
		035549442B6B993B00A08D0D /* Grid */ = {
			isa = PBXGroup;
			children = (
				035549452B6B995700A08D0D /* GridViewController.swift */,
			);
			path = Grid;
			sourceTree = "<group>";
		};
		0355494B2B6B9AB800A08D0D /* Extensions */ = {
			isa = PBXGroup;
			children = (
				0355494C2B6B9ACD00A08D0D /* NSColor+Extension.swift */,
			);
			path = Extensions;
			sourceTree = "<group>";
		};
		0355494E2B6B9BC200A08D0D /* InsetItemsGrid */ = {
			isa = PBXGroup;
			children = (
				0355494F2B6B9BF000A08D0D /* InsetItemsGridViewController.swift */,
			);
			path = InsetItemsGrid;
			sourceTree = "<group>";
		};
		035549512B6B9C7500A08D0D /* Storyboards */ = {
			isa = PBXGroup;
			children = (
				035549582B6B9D7200A08D0D /* Dev.storyboard */,
				035549542B6B9D4E00A08D0D /* List.storyboard */,
				035549562B6B9D5800A08D0D /* Grid.storyboard */,
				035549522B6B9C8700A08D0D /* InsetItemsGrid.storyboard */,
				0355495A2B6B9FF000A08D0D /* TwoColumns.storyboard */,
				035549622B6BBC7F00A08D0D /* DistinctSections.storyboard */,
				035549642B6BC20F00A08D0D /* AdaptiveSections.storyboard */,
				0355496A2B6BC43E00A08D0D /* ItemBadgeSupplementary.storyboard */,
				035549702B6BC98000A08D0D /* SectionHeaderFooter.storyboard */,
				035549792B6BE61B00A08D0D /* NestedGroups.storyboard */,
				0355497E2B6BE8A900A08D0D /* OrthogonalScrolling.storyboard */,
			);
			path = Storyboards;
			sourceTree = "<group>";
		};
		0355495C2B6BA01200A08D0D /* TwoColumnsGrid */ = {
			isa = PBXGroup;
			children = (
				0355495D2B6BA03800A08D0D /* TwoColumnsGridViewController.swift */,
			);
			path = TwoColumnsGrid;
			sourceTree = "<group>";
		};
		0355495F2B6BBC5700A08D0D /* DistinctSections */ = {
			isa = PBXGroup;
			children = (
				035549602B6BBC6D00A08D0D /* DistinctSectionsViewController.swift */,
			);
			path = DistinctSections;
			sourceTree = "<group>";
		};
		035549662B6BC22E00A08D0D /* AdaptiveSections */ = {
			isa = PBXGroup;
			children = (
				035549672B6BC24A00A08D0D /* AdaptiveSectionsViewController.swift */,
			);
			path = AdaptiveSections;
			sourceTree = "<group>";
		};
		035549692B6BC42B00A08D0D /* ItemBadgeSupplementary */ = {
			isa = PBXGroup;
			children = (
				0355496C2B6BC47800A08D0D /* ItemBadgeSupplementaryViewController.swift */,
			);
			path = ItemBadgeSupplementary;
			sourceTree = "<group>";
		};
		035549722B6BC9B300A08D0D /* SectionHeaderFooter */ = {
			isa = PBXGroup;
			children = (
				035549732B6BC9D600A08D0D /* SectionHeaderFooterViewController.swift */,
			);
			path = SectionHeaderFooter;
			sourceTree = "<group>";
		};
		0355497B2B6BE64300A08D0D /* NestedGroups */ = {
			isa = PBXGroup;
			children = (
				0355497C2B6BE67400A08D0D /* NestedGroupsViewController.swift */,
			);
			path = NestedGroups;
			sourceTree = "<group>";
		};
		035549802B6BE8FF00A08D0D /* OrthogonalScrolling */ = {
			isa = PBXGroup;
			children = (
				035549812B6BE91400A08D0D /* OrthogonalScrollingViewController.swift */,
			);
			path = OrthogonalScrolling;
			sourceTree = "<group>";
		};
		0384ECF42B6A755200411E02 = {
			isa = PBXGroup;
			children = (
				039D6B8B2B6F66A0001D5729 /* ComposeLayout */,
				0384ECFF2B6A755200411E02 /* CocoaExample */,
				0384ECFE2B6A755200411E02 /* Products */,
			);
			sourceTree = "<group>";
		};
		0384ECFE2B6A755200411E02 /* Products */ = {
			isa = PBXGroup;
			children = (
				0384ECFD2B6A755200411E02 /* CocoaExample.app */,
			);
			name = Products;
			sourceTree = "<group>";
		};
		0384ECFF2B6A755200411E02 /* CocoaExample */ = {
			isa = PBXGroup;
			children = (
				035549512B6B9C7500A08D0D /* Storyboards */,
				0355494B2B6B9AB800A08D0D /* Extensions */,
				0355493F2B6B951200A08D0D /* Xibs */,
				035549412B6B952600A08D0D /* Items */,
				0355493A2B6B93AC00A08D0D /* Dev */,
				035549392B6B939600A08D0D /* List */,
				035549442B6B993B00A08D0D /* Grid */,
				0355494E2B6B9BC200A08D0D /* InsetItemsGrid */,
				0355495C2B6BA01200A08D0D /* TwoColumnsGrid */,
				0355495F2B6BBC5700A08D0D /* DistinctSections */,
				035549662B6BC22E00A08D0D /* AdaptiveSections */,
				035549692B6BC42B00A08D0D /* ItemBadgeSupplementary */,
				035549722B6BC9B300A08D0D /* SectionHeaderFooter */,
				0355497B2B6BE64300A08D0D /* NestedGroups */,
				035549802B6BE8FF00A08D0D /* OrthogonalScrolling */,
				0384ED002B6A755200411E02 /* AppDelegate.swift */,
				0384ED042B6A755300411E02 /* Assets.xcassets */,
				0384ED062B6A755300411E02 /* Main.storyboard */,
				0384ED092B6A755300411E02 /* CocoaExample.entitlements */,
			);
			path = CocoaExample;
			sourceTree = "<group>";
		};
/* End PBXGroup section */

/* Begin PBXNativeTarget section */
		0384ECFC2B6A755200411E02 /* CocoaExample */ = {
			isa = PBXNativeTarget;
			buildConfigurationList = 0384ED0C2B6A755300411E02 /* Build configuration list for PBXNativeTarget "CocoaExample" */;
			buildPhases = (
				0384ECF92B6A755200411E02 /* Sources */,
				0384ECFA2B6A755200411E02 /* Frameworks */,
				0384ECFB2B6A755200411E02 /* Resources */,
			);
			buildRules = (
			);
			dependencies = (
			);
			name = CocoaExample;
			packageProductDependencies = (
				039D6B892B6F6640001D5729 /* ComposeLayout */,
			);
			productName = CocoaExample;
			productReference = 0384ECFD2B6A755200411E02 /* CocoaExample.app */;
			productType = "com.apple.product-type.application";
		};
/* End PBXNativeTarget section */

/* Begin PBXProject section */
		0384ECF52B6A755200411E02 /* Project object */ = {
			isa = PBXProject;
			attributes = {
				BuildIndependentTargetsInParallel = 1;
				LastSwiftUpdateCheck = 1500;
				LastUpgradeCheck = 1500;
				TargetAttributes = {
					0384ECFC2B6A755200411E02 = {
						CreatedOnToolsVersion = 15.0.1;
					};
				};
			};
			buildConfigurationList = 0384ECF82B6A755200411E02 /* Build configuration list for PBXProject "CocoaExample" */;
			compatibilityVersion = "Xcode 14.0";
			developmentRegion = en;
			hasScannedForEncodings = 0;
			knownRegions = (
				en,
				Base,
			);
			mainGroup = 0384ECF42B6A755200411E02;
			packageReferences = (
			);
			productRefGroup = 0384ECFE2B6A755200411E02 /* Products */;
			projectDirPath = "";
			projectRoot = "";
			targets = (
				0384ECFC2B6A755200411E02 /* CocoaExample */,
			);
		};
/* End PBXProject section */

/* Begin PBXResourcesBuildPhase section */
		0384ECFB2B6A755200411E02 /* Resources */ = {
			isa = PBXResourcesBuildPhase;
			buildActionMask = 2147483647;
			files = (
				035549782B6BCA9A00A08D0D /* TitleSupplementaryView.xib in Resources */,
				0355497A2B6BE61B00A08D0D /* NestedGroups.storyboard in Resources */,
				0355493E2B6B94C200A08D0D /* ListItem.xib in Resources */,
				035549652B6BC20F00A08D0D /* AdaptiveSections.storyboard in Resources */,
				035549482B6B9A7800A08D0D /* TextItem.xib in Resources */,
				0384ED052B6A755300411E02 /* Assets.xcassets in Resources */,
				0384ED082B6A755300411E02 /* Main.storyboard in Resources */,
				0355496B2B6BC43E00A08D0D /* ItemBadgeSupplementary.storyboard in Resources */,
				035549632B6BBC7F00A08D0D /* DistinctSections.storyboard in Resources */,
				035549592B6B9D7200A08D0D /* Dev.storyboard in Resources */,
				035549552B6B9D4E00A08D0D /* List.storyboard in Resources */,
				0355496F2B6BC6F100A08D0D /* BadgeSupplementaryView.xib in Resources */,
				035549712B6BC98000A08D0D /* SectionHeaderFooter.storyboard in Resources */,
				0355495B2B6B9FF000A08D0D /* TwoColumns.storyboard in Resources */,
				0355497F2B6BE8A900A08D0D /* OrthogonalScrolling.storyboard in Resources */,
				035549572B6B9D5800A08D0D /* Grid.storyboard in Resources */,
				035549532B6B9C8700A08D0D /* InsetItemsGrid.storyboard in Resources */,
			);
			runOnlyForDeploymentPostprocessing = 0;
		};
/* End PBXResourcesBuildPhase section */

/* Begin PBXSourcesBuildPhase section */
		0384ECF92B6A755200411E02 /* Sources */ = {
			isa = PBXSourcesBuildPhase;
			buildActionMask = 2147483647;
			files = (
				035549742B6BC9D600A08D0D /* SectionHeaderFooterViewController.swift in Sources */,
				035549432B6B955A00A08D0D /* ListItem.swift in Sources */,
				0355494A2B6B9A8E00A08D0D /* TextItem.swift in Sources */,
				0355497D2B6BE67400A08D0D /* NestedGroupsViewController.swift in Sources */,
				035549762B6BCA8B00A08D0D /* TitleSupplementaryView.swift in Sources */,
				035549612B6BBC6D00A08D0D /* DistinctSectionsViewController.swift in Sources */,
				0355494D2B6B9ACD00A08D0D /* NSColor+Extension.swift in Sources */,
				035549682B6BC24A00A08D0D /* AdaptiveSectionsViewController.swift in Sources */,
				0355495E2B6BA03800A08D0D /* TwoColumnsGridViewController.swift in Sources */,
				035549502B6B9BF000A08D0D /* InsetItemsGridViewController.swift in Sources */,
				035549462B6B995700A08D0D /* GridViewController.swift in Sources */,
				035549822B6BE91400A08D0D /* OrthogonalScrollingViewController.swift in Sources */,
				035549382B6B934F00A08D0D /* DevViewController.swift in Sources */,
				0384ED012B6A755200411E02 /* AppDelegate.swift in Sources */,
				0355493C2B6B93C300A08D0D /* ListViewController.swift in Sources */,
				0355496D2B6BC47800A08D0D /* ItemBadgeSupplementaryViewController.swift in Sources */,
			);
			runOnlyForDeploymentPostprocessing = 0;
		};
/* End PBXSourcesBuildPhase section */

/* Begin PBXVariantGroup section */
		0384ED062B6A755300411E02 /* Main.storyboard */ = {
			isa = PBXVariantGroup;
			children = (
				0384ED072B6A755300411E02 /* Base */,
			);
			name = Main.storyboard;
			sourceTree = "<group>";
		};
/* End PBXVariantGroup section */

/* Begin XCBuildConfiguration section */
		0384ED0A2B6A755300411E02 /* Debug */ = {
			isa = XCBuildConfiguration;
			buildSettings = {
				ALWAYS_SEARCH_USER_PATHS = NO;
				ASSETCATALOG_COMPILER_GENERATE_SWIFT_ASSET_SYMBOL_EXTENSIONS = YES;
				CLANG_ANALYZER_NONNULL = YES;
				CLANG_ANALYZER_NUMBER_OBJECT_CONVERSION = YES_AGGRESSIVE;
				CLANG_CXX_LANGUAGE_STANDARD = "gnu++20";
				CLANG_ENABLE_MODULES = YES;
				CLANG_ENABLE_OBJC_ARC = YES;
				CLANG_ENABLE_OBJC_WEAK = YES;
				CLANG_WARN_BLOCK_CAPTURE_AUTORELEASING = YES;
				CLANG_WARN_BOOL_CONVERSION = YES;
				CLANG_WARN_COMMA = YES;
				CLANG_WARN_CONSTANT_CONVERSION = YES;
				CLANG_WARN_DEPRECATED_OBJC_IMPLEMENTATIONS = YES;
				CLANG_WARN_DIRECT_OBJC_ISA_USAGE = YES_ERROR;
				CLANG_WARN_DOCUMENTATION_COMMENTS = YES;
				CLANG_WARN_EMPTY_BODY = YES;
				CLANG_WARN_ENUM_CONVERSION = YES;
				CLANG_WARN_INFINITE_RECURSION = YES;
				CLANG_WARN_INT_CONVERSION = YES;
				CLANG_WARN_NON_LITERAL_NULL_CONVERSION = YES;
				CLANG_WARN_OBJC_IMPLICIT_RETAIN_SELF = YES;
				CLANG_WARN_OBJC_LITERAL_CONVERSION = YES;
				CLANG_WARN_OBJC_ROOT_CLASS = YES_ERROR;
				CLANG_WARN_QUOTED_INCLUDE_IN_FRAMEWORK_HEADER = YES;
				CLANG_WARN_RANGE_LOOP_ANALYSIS = YES;
				CLANG_WARN_STRICT_PROTOTYPES = YES;
				CLANG_WARN_SUSPICIOUS_MOVE = YES;
				CLANG_WARN_UNGUARDED_AVAILABILITY = YES_AGGRESSIVE;
				CLANG_WARN_UNREACHABLE_CODE = YES;
				CLANG_WARN__DUPLICATE_METHOD_MATCH = YES;
				COPY_PHASE_STRIP = NO;
				DEBUG_INFORMATION_FORMAT = dwarf;
				ENABLE_STRICT_OBJC_MSGSEND = YES;
				ENABLE_TESTABILITY = YES;
				ENABLE_USER_SCRIPT_SANDBOXING = YES;
				GCC_C_LANGUAGE_STANDARD = gnu17;
				GCC_DYNAMIC_NO_PIC = NO;
				GCC_NO_COMMON_BLOCKS = YES;
				GCC_OPTIMIZATION_LEVEL = 0;
				GCC_PREPROCESSOR_DEFINITIONS = (
					"DEBUG=1",
					"$(inherited)",
				);
				GCC_WARN_64_TO_32_BIT_CONVERSION = YES;
				GCC_WARN_ABOUT_RETURN_TYPE = YES_ERROR;
				GCC_WARN_UNDECLARED_SELECTOR = YES;
				GCC_WARN_UNINITIALIZED_AUTOS = YES_AGGRESSIVE;
				GCC_WARN_UNUSED_FUNCTION = YES;
				GCC_WARN_UNUSED_VARIABLE = YES;
				LOCALIZATION_PREFERS_STRING_CATALOGS = YES;
				MACOSX_DEPLOYMENT_TARGET = 13.6;
				MTL_ENABLE_DEBUG_INFO = INCLUDE_SOURCE;
				MTL_FAST_MATH = YES;
				ONLY_ACTIVE_ARCH = YES;
				SDKROOT = macosx;
				SWIFT_ACTIVE_COMPILATION_CONDITIONS = "DEBUG $(inherited)";
				SWIFT_OPTIMIZATION_LEVEL = "-Onone";
			};
			name = Debug;
		};
		0384ED0B2B6A755300411E02 /* Release */ = {
			isa = XCBuildConfiguration;
			buildSettings = {
				ALWAYS_SEARCH_USER_PATHS = NO;
				ASSETCATALOG_COMPILER_GENERATE_SWIFT_ASSET_SYMBOL_EXTENSIONS = YES;
				CLANG_ANALYZER_NONNULL = YES;
				CLANG_ANALYZER_NUMBER_OBJECT_CONVERSION = YES_AGGRESSIVE;
				CLANG_CXX_LANGUAGE_STANDARD = "gnu++20";
				CLANG_ENABLE_MODULES = YES;
				CLANG_ENABLE_OBJC_ARC = YES;
				CLANG_ENABLE_OBJC_WEAK = YES;
				CLANG_WARN_BLOCK_CAPTURE_AUTORELEASING = YES;
				CLANG_WARN_BOOL_CONVERSION = YES;
				CLANG_WARN_COMMA = YES;
				CLANG_WARN_CONSTANT_CONVERSION = YES;
				CLANG_WARN_DEPRECATED_OBJC_IMPLEMENTATIONS = YES;
				CLANG_WARN_DIRECT_OBJC_ISA_USAGE = YES_ERROR;
				CLANG_WARN_DOCUMENTATION_COMMENTS = YES;
				CLANG_WARN_EMPTY_BODY = YES;
				CLANG_WARN_ENUM_CONVERSION = YES;
				CLANG_WARN_INFINITE_RECURSION = YES;
				CLANG_WARN_INT_CONVERSION = YES;
				CLANG_WARN_NON_LITERAL_NULL_CONVERSION = YES;
				CLANG_WARN_OBJC_IMPLICIT_RETAIN_SELF = YES;
				CLANG_WARN_OBJC_LITERAL_CONVERSION = YES;
				CLANG_WARN_OBJC_ROOT_CLASS = YES_ERROR;
				CLANG_WARN_QUOTED_INCLUDE_IN_FRAMEWORK_HEADER = YES;
				CLANG_WARN_RANGE_LOOP_ANALYSIS = YES;
				CLANG_WARN_STRICT_PROTOTYPES = YES;
				CLANG_WARN_SUSPICIOUS_MOVE = YES;
				CLANG_WARN_UNGUARDED_AVAILABILITY = YES_AGGRESSIVE;
				CLANG_WARN_UNREACHABLE_CODE = YES;
				CLANG_WARN__DUPLICATE_METHOD_MATCH = YES;
				COPY_PHASE_STRIP = NO;
				DEBUG_INFORMATION_FORMAT = "dwarf-with-dsym";
				ENABLE_NS_ASSERTIONS = NO;
				ENABLE_STRICT_OBJC_MSGSEND = YES;
				ENABLE_USER_SCRIPT_SANDBOXING = YES;
				GCC_C_LANGUAGE_STANDARD = gnu17;
				GCC_NO_COMMON_BLOCKS = YES;
				GCC_WARN_64_TO_32_BIT_CONVERSION = YES;
				GCC_WARN_ABOUT_RETURN_TYPE = YES_ERROR;
				GCC_WARN_UNDECLARED_SELECTOR = YES;
				GCC_WARN_UNINITIALIZED_AUTOS = YES_AGGRESSIVE;
				GCC_WARN_UNUSED_FUNCTION = YES;
				GCC_WARN_UNUSED_VARIABLE = YES;
				LOCALIZATION_PREFERS_STRING_CATALOGS = YES;
				MACOSX_DEPLOYMENT_TARGET = 13.6;
				MTL_ENABLE_DEBUG_INFO = NO;
				MTL_FAST_MATH = YES;
				SDKROOT = macosx;
				SWIFT_COMPILATION_MODE = wholemodule;
			};
			name = Release;
		};
		0384ED0D2B6A755300411E02 /* Debug */ = {
			isa = XCBuildConfiguration;
			buildSettings = {
				ASSETCATALOG_COMPILER_APPICON_NAME = AppIcon;
				ASSETCATALOG_COMPILER_GLOBAL_ACCENT_COLOR_NAME = AccentColor;
				CODE_SIGN_ENTITLEMENTS = CocoaExample/CocoaExample.entitlements;
				CODE_SIGN_STYLE = Automatic;
				COMBINE_HIDPI_IMAGES = YES;
				CURRENT_PROJECT_VERSION = 1;
				DEVELOPMENT_TEAM = F2YX27TG52;
				ENABLE_HARDENED_RUNTIME = YES;
				GENERATE_INFOPLIST_FILE = YES;
				INFOPLIST_KEY_NSHumanReadableCopyright = "";
				INFOPLIST_KEY_NSMainStoryboardFile = Main;
				INFOPLIST_KEY_NSPrincipalClass = NSApplication;
				LD_RUNPATH_SEARCH_PATHS = (
					"$(inherited)",
					"@executable_path/../Frameworks",
				);
				MARKETING_VERSION = 1.0;
				PRODUCT_BUNDLE_IDENTIFIER = com.github.skyfe79.CocoaExample;
				PRODUCT_NAME = "$(TARGET_NAME)";
				SWIFT_EMIT_LOC_STRINGS = YES;
				SWIFT_VERSION = 5.0;
			};
			name = Debug;
		};
		0384ED0E2B6A755300411E02 /* Release */ = {
			isa = XCBuildConfiguration;
			buildSettings = {
				ASSETCATALOG_COMPILER_APPICON_NAME = AppIcon;
				ASSETCATALOG_COMPILER_GLOBAL_ACCENT_COLOR_NAME = AccentColor;
				CODE_SIGN_ENTITLEMENTS = CocoaExample/CocoaExample.entitlements;
				CODE_SIGN_STYLE = Automatic;
				COMBINE_HIDPI_IMAGES = YES;
				CURRENT_PROJECT_VERSION = 1;
				DEVELOPMENT_TEAM = F2YX27TG52;
				ENABLE_HARDENED_RUNTIME = YES;
				GENERATE_INFOPLIST_FILE = YES;
				INFOPLIST_KEY_NSHumanReadableCopyright = "";
				INFOPLIST_KEY_NSMainStoryboardFile = Main;
				INFOPLIST_KEY_NSPrincipalClass = NSApplication;
				LD_RUNPATH_SEARCH_PATHS = (
					"$(inherited)",
					"@executable_path/../Frameworks",
				);
				MARKETING_VERSION = 1.0;
				PRODUCT_BUNDLE_IDENTIFIER = com.github.skyfe79.CocoaExample;
				PRODUCT_NAME = "$(TARGET_NAME)";
				SWIFT_EMIT_LOC_STRINGS = YES;
				SWIFT_VERSION = 5.0;
			};
			name = Release;
		};
/* End XCBuildConfiguration section */

/* Begin XCConfigurationList section */
		0384ECF82B6A755200411E02 /* Build configuration list for PBXProject "CocoaExample" */ = {
			isa = XCConfigurationList;
			buildConfigurations = (
				0384ED0A2B6A755300411E02 /* Debug */,
				0384ED0B2B6A755300411E02 /* Release */,
			);
			defaultConfigurationIsVisible = 0;
			defaultConfigurationName = Release;
		};
		0384ED0C2B6A755300411E02 /* Build configuration list for PBXNativeTarget "CocoaExample" */ = {
			isa = XCConfigurationList;
			buildConfigurations = (
				0384ED0D2B6A755300411E02 /* Debug */,
				0384ED0E2B6A755300411E02 /* Release */,
			);
			defaultConfigurationIsVisible = 0;
			defaultConfigurationName = Release;
		};
/* End XCConfigurationList section */

/* Begin XCSwiftPackageProductDependency section */
		039D6B892B6F6640001D5729 /* ComposeLayout */ = {
			isa = XCSwiftPackageProductDependency;
			productName = ComposeLayout;
		};
/* End XCSwiftPackageProductDependency section */
	};
	rootObject = 0384ECF52B6A755200411E02 /* Project object */;
}
