// !$*UTF8*$!
{
	archiveVersion = 1;
	classes = {
	};
	objectVersion = 56;
	objects = {

/* Begin PBXBuildFile section */
		0384ECDD2B6A142D00411E02 /* AppDelegate.swift in Sources */ = {isa = PBXBuildFile; fileRef = 0384ECDC2B6A142D00411E02 /* AppDelegate.swift */; };
		0384ECDF2B6A142D00411E02 /* SceneDelegate.swift in Sources */ = {isa = PBXBuildFile; fileRef = 0384ECDE2B6A142D00411E02 /* SceneDelegate.swift */; };
		0384ECE12B6A142D00411E02 /* ViewController.swift in Sources */ = {isa = PBXBuildFile; fileRef = 0384ECE02B6A142D00411E02 /* ViewController.swift */; };
		0384ECE42B6A142D00411E02 /* Main.storyboard in Resources */ = {isa = PBXBuildFile; fileRef = 0384ECE22B6A142D00411E02 /* Main.storyboard */; };
		0384ECE62B6A142E00411E02 /* Assets.xcassets in Resources */ = {isa = PBXBuildFile; fileRef = 0384ECE52B6A142E00411E02 /* Assets.xcassets */; };
		0384ECE92B6A142E00411E02 /* LaunchScreen.storyboard in Resources */ = {isa = PBXBuildFile; fileRef = 0384ECE72B6A142E00411E02 /* LaunchScreen.storyboard */; };
		0384ECF32B6A1CB600411E02 /* ComposeLayout in Frameworks */ = {isa = PBXBuildFile; productRef = 0384ECF22B6A1CB600411E02 /* ComposeLayout */; };
/* End PBXBuildFile section */

/* Begin PBXFileReference section */
		0384ECD92B6A142D00411E02 /* iOSExamples.app */ = {isa = PBXFileReference; explicitFileType = wrapper.application; includeInIndex = 0; path = iOSExamples.app; sourceTree = BUILT_PRODUCTS_DIR; };
		0384ECDC2B6A142D00411E02 /* AppDelegate.swift */ = {isa = PBXFileReference; lastKnownFileType = sourcecode.swift; path = AppDelegate.swift; sourceTree = "<group>"; };
		0384ECDE2B6A142D00411E02 /* SceneDelegate.swift */ = {isa = PBXFileReference; lastKnownFileType = sourcecode.swift; path = SceneDelegate.swift; sourceTree = "<group>"; };
		0384ECE02B6A142D00411E02 /* ViewController.swift */ = {isa = PBXFileReference; lastKnownFileType = sourcecode.swift; path = ViewController.swift; sourceTree = "<group>"; };
		0384ECE32B6A142D00411E02 /* Base */ = {isa = PBXFileReference; lastKnownFileType = file.storyboard; name = Base; path = Base.lproj/Main.storyboard; sourceTree = "<group>"; };
		0384ECE52B6A142E00411E02 /* Assets.xcassets */ = {isa = PBXFileReference; lastKnownFileType = folder.assetcatalog; path = Assets.xcassets; sourceTree = "<group>"; };
		0384ECE82B6A142E00411E02 /* Base */ = {isa = PBXFileReference; lastKnownFileType = file.storyboard; name = Base; path = Base.lproj/LaunchScreen.storyboard; sourceTree = "<group>"; };
		0384ECEA2B6A142E00411E02 /* Info.plist */ = {isa = PBXFileReference; lastKnownFileType = text.plist.xml; path = Info.plist; sourceTree = "<group>"; };
		0384ECF02B6A149C00411E02 /* ComposeLayout */ = {isa = PBXFileReference; lastKnownFileType = wrapper; name = ComposeLayout; path = ../..; sourceTree = "<group>"; };
/* End PBXFileReference section */

/* Begin PBXFrameworksBuildPhase section */
		0384ECD62B6A142D00411E02 /* Frameworks */ = {
			isa = PBXFrameworksBuildPhase;
			buildActionMask = 2147483647;
			files = (
				0384ECF32B6A1CB600411E02 /* ComposeLayout in Frameworks */,
			);
			runOnlyForDeploymentPostprocessing = 0;
		};
/* End PBXFrameworksBuildPhase section */

/* Begin PBXGroup section */
		0384ECD02B6A142D00411E02 = {
			isa = PBXGroup;
			children = (
				0384ECF02B6A149C00411E02 /* ComposeLayout */,
				0384ECDB2B6A142D00411E02 /* iOSExamples */,
				0384ECDA2B6A142D00411E02 /* Products */,
				0384ECF12B6A1CB600411E02 /* Frameworks */,
			);
			sourceTree = "<group>";
		};
		0384ECDA2B6A142D00411E02 /* Products */ = {
			isa = PBXGroup;
			children = (
				0384ECD92B6A142D00411E02 /* iOSExamples.app */,
			);
			name = Products;
			sourceTree = "<group>";
		};
		0384ECDB2B6A142D00411E02 /* iOSExamples */ = {
			isa = PBXGroup;
			children = (
				0384ECDC2B6A142D00411E02 /* AppDelegate.swift */,
				0384ECDE2B6A142D00411E02 /* SceneDelegate.swift */,
				0384ECE02B6A142D00411E02 /* ViewController.swift */,
				0384ECE22B6A142D00411E02 /* Main.storyboard */,
				0384ECE52B6A142E00411E02 /* Assets.xcassets */,
				0384ECE72B6A142E00411E02 /* LaunchScreen.storyboard */,
				0384ECEA2B6A142E00411E02 /* Info.plist */,
			);
			path = iOSExamples;
			sourceTree = "<group>";
		};
		0384ECF12B6A1CB600411E02 /* Frameworks */ = {
			isa = PBXGroup;
			children = (
			);
			name = Frameworks;
			sourceTree = "<group>";
		};
/* End PBXGroup section */

/* Begin PBXNativeTarget section */
		0384ECD82B6A142D00411E02 /* iOSExamples */ = {
			isa = PBXNativeTarget;
			buildConfigurationList = 0384ECED2B6A142E00411E02 /* Build configuration list for PBXNativeTarget "iOSExamples" */;
			buildPhases = (
				0384ECD52B6A142D00411E02 /* Sources */,
				0384ECD62B6A142D00411E02 /* Frameworks */,
				0384ECD72B6A142D00411E02 /* Resources */,
			);
			buildRules = (
			);
			dependencies = (
			);
			name = iOSExamples;
			packageProductDependencies = (
				0384ECF22B6A1CB600411E02 /* ComposeLayout */,
			);
			productName = iOSExamples;
			productReference = 0384ECD92B6A142D00411E02 /* iOSExamples.app */;
			productType = "com.apple.product-type.application";
		};
/* End PBXNativeTarget section */

/* Begin PBXProject section */
		0384ECD12B6A142D00411E02 /* Project object */ = {
			isa = PBXProject;
			attributes = {
				BuildIndependentTargetsInParallel = 1;
				LastSwiftUpdateCheck = 1500;
				LastUpgradeCheck = 1500;
				TargetAttributes = {
					0384ECD82B6A142D00411E02 = {
						CreatedOnToolsVersion = 15.0.1;
					};
				};
			};
			buildConfigurationList = 0384ECD42B6A142D00411E02 /* Build configuration list for PBXProject "iOSExamples" */;
			compatibilityVersion = "Xcode 14.0";
			developmentRegion = en;
			hasScannedForEncodings = 0;
			knownRegions = (
				en,
				Base,
			);
			mainGroup = 0384ECD02B6A142D00411E02;
			productRefGroup = 0384ECDA2B6A142D00411E02 /* Products */;
			projectDirPath = "";
			projectRoot = "";
			targets = (
				0384ECD82B6A142D00411E02 /* iOSExamples */,
			);
		};
/* End PBXProject section */

/* Begin PBXResourcesBuildPhase section */
		0384ECD72B6A142D00411E02 /* Resources */ = {
			isa = PBXResourcesBuildPhase;
			buildActionMask = 2147483647;
			files = (
				0384ECE92B6A142E00411E02 /* LaunchScreen.storyboard in Resources */,
				0384ECE62B6A142E00411E02 /* Assets.xcassets in Resources */,
				0384ECE42B6A142D00411E02 /* Main.storyboard in Resources */,
			);
			runOnlyForDeploymentPostprocessing = 0;
		};
/* End PBXResourcesBuildPhase section */

/* Begin PBXSourcesBuildPhase section */
		0384ECD52B6A142D00411E02 /* Sources */ = {
			isa = PBXSourcesBuildPhase;
			buildActionMask = 2147483647;
			files = (
				0384ECE12B6A142D00411E02 /* ViewController.swift in Sources */,
				0384ECDD2B6A142D00411E02 /* AppDelegate.swift in Sources */,
				0384ECDF2B6A142D00411E02 /* SceneDelegate.swift in Sources */,
			);
			runOnlyForDeploymentPostprocessing = 0;
		};
/* End PBXSourcesBuildPhase section */

/* Begin PBXVariantGroup section */
		0384ECE22B6A142D00411E02 /* Main.storyboard */ = {
			isa = PBXVariantGroup;
			children = (
				0384ECE32B6A142D00411E02 /* Base */,
			);
			name = Main.storyboard;
			sourceTree = "<group>";
		};
		0384ECE72B6A142E00411E02 /* LaunchScreen.storyboard */ = {
			isa = PBXVariantGroup;
			children = (
				0384ECE82B6A142E00411E02 /* Base */,
			);
			name = LaunchScreen.storyboard;
			sourceTree = "<group>";
		};
/* End PBXVariantGroup section */

/* Begin XCBuildConfiguration section */
		0384ECEB2B6A142E00411E02 /* Debug */ = {
			isa = XCBuildConfiguration;
			buildSettings = {
				ALWAYS_SEARCH_USER_PATHS = NO;
				ASSETCATALOG_COMPILER_GENERATE_SWIFT_ASSET_SYMBOL_EXTENSIONS = YES;
				CLANG_ANALYZER_NONNULL = YES;
				CLANG_ANALYZER_NUMBER_OBJECT_CONVERSION = YES_AGGRESSIVE;
				CLANG_CXX_LANGUAGE_STANDARD = "gnu++20";
				CLANG_ENABLE_MODULES = YES;
				CLANG_ENABLE_OBJC_ARC = YES;
				CLANG_ENABLE_OBJC_WEAK = YES;
				CLANG_WARN_BLOCK_CAPTURE_AUTORELEASING = YES;
				CLANG_WARN_BOOL_CONVERSION = YES;
				CLANG_WARN_COMMA = YES;
				CLANG_WARN_CONSTANT_CONVERSION = YES;
				CLANG_WARN_DEPRECATED_OBJC_IMPLEMENTATIONS = YES;
				CLANG_WARN_DIRECT_OBJC_ISA_USAGE = YES_ERROR;
				CLANG_WARN_DOCUMENTATION_COMMENTS = YES;
				CLANG_WARN_EMPTY_BODY = YES;
				CLANG_WARN_ENUM_CONVERSION = YES;
				CLANG_WARN_INFINITE_RECURSION = YES;
				CLANG_WARN_INT_CONVERSION = YES;
				CLANG_WARN_NON_LITERAL_NULL_CONVERSION = YES;
				CLANG_WARN_OBJC_IMPLICIT_RETAIN_SELF = YES;
				CLANG_WARN_OBJC_LITERAL_CONVERSION = YES;
				CLANG_WARN_OBJC_ROOT_CLASS = YES_ERROR;
				CLANG_WARN_QUOTED_INCLUDE_IN_FRAMEWORK_HEADER = YES;
				CLANG_WARN_RANGE_LOOP_ANALYSIS = YES;
				CLANG_WARN_STRICT_PROTOTYPES = YES;
				CLANG_WARN_SUSPICIOUS_MOVE = YES;
				CLANG_WARN_UNGUARDED_AVAILABILITY = YES_AGGRESSIVE;
				CLANG_WARN_UNREACHABLE_CODE = YES;
				CLANG_WARN__DUPLICATE_METHOD_MATCH = YES;
				COPY_PHASE_STRIP = NO;
				DEBUG_INFORMATION_FORMAT = dwarf;
				ENABLE_STRICT_OBJC_MSGSEND = YES;
				ENABLE_TESTABILITY = YES;
				ENABLE_USER_SCRIPT_SANDBOXING = YES;
				GCC_C_LANGUAGE_STANDARD = gnu17;
				GCC_DYNAMIC_NO_PIC = NO;
				GCC_NO_COMMON_BLOCKS = YES;
				GCC_OPTIMIZATION_LEVEL = 0;
				GCC_PREPROCESSOR_DEFINITIONS = (
					"DEBUG=1",
					"$(inherited)",
				);
				GCC_WARN_64_TO_32_BIT_CONVERSION = YES;
				GCC_WARN_ABOUT_RETURN_TYPE = YES_ERROR;
				GCC_WARN_UNDECLARED_SELECTOR = YES;
				GCC_WARN_UNINITIALIZED_AUTOS = YES_AGGRESSIVE;
				GCC_WARN_UNUSED_FUNCTION = YES;
				GCC_WARN_UNUSED_VARIABLE = YES;
				IPHONEOS_DEPLOYMENT_TARGET = 17.0;
				LOCALIZATION_PREFERS_STRING_CATALOGS = YES;
				MTL_ENABLE_DEBUG_INFO = INCLUDE_SOURCE;
				MTL_FAST_MATH = YES;
				ONLY_ACTIVE_ARCH = YES;
				SDKROOT = iphoneos;
				SWIFT_ACTIVE_COMPILATION_CONDITIONS = "DEBUG $(inherited)";
				SWIFT_OPTIMIZATION_LEVEL = "-Onone";
			};
			name = Debug;
		};
		0384ECEC2B6A142E00411E02 /* Release */ = {
			isa = XCBuildConfiguration;
			buildSettings = {
				ALWAYS_SEARCH_USER_PATHS = NO;
				ASSETCATALOG_COMPILER_GENERATE_SWIFT_ASSET_SYMBOL_EXTENSIONS = YES;
				CLANG_ANALYZER_NONNULL = YES;
				CLANG_ANALYZER_NUMBER_OBJECT_CONVERSION = YES_AGGRESSIVE;
				CLANG_CXX_LANGUAGE_STANDARD = "gnu++20";
				CLANG_ENABLE_MODULES = YES;
				CLANG_ENABLE_OBJC_ARC = YES;
				CLANG_ENABLE_OBJC_WEAK = YES;
				CLANG_WARN_BLOCK_CAPTURE_AUTORELEASING = YES;
				CLANG_WARN_BOOL_CONVERSION = YES;
				CLANG_WARN_COMMA = YES;
				CLANG_WARN_CONSTANT_CONVERSION = YES;
				CLANG_WARN_DEPRECATED_OBJC_IMPLEMENTATIONS = YES;
				CLANG_WARN_DIRECT_OBJC_ISA_USAGE = YES_ERROR;
				CLANG_WARN_DOCUMENTATION_COMMENTS = YES;
				CLANG_WARN_EMPTY_BODY = YES;
				CLANG_WARN_ENUM_CONVERSION = YES;
				CLANG_WARN_INFINITE_RECURSION = YES;
				CLANG_WARN_INT_CONVERSION = YES;
				CLANG_WARN_NON_LITERAL_NULL_CONVERSION = YES;
				CLANG_WARN_OBJC_IMPLICIT_RETAIN_SELF = YES;
				CLANG_WARN_OBJC_LITERAL_CONVERSION = YES;
				CLANG_WARN_OBJC_ROOT_CLASS = YES_ERROR;
				CLANG_WARN_QUOTED_INCLUDE_IN_FRAMEWORK_HEADER = YES;
				CLANG_WARN_RANGE_LOOP_ANALYSIS = YES;
				CLANG_WARN_STRICT_PROTOTYPES = YES;
				CLANG_WARN_SUSPICIOUS_MOVE = YES;
				CLANG_WARN_UNGUARDED_AVAILABILITY = YES_AGGRESSIVE;
				CLANG_WARN_UNREACHABLE_CODE = YES;
				CLANG_WARN__DUPLICATE_METHOD_MATCH = YES;
				COPY_PHASE_STRIP = NO;
				DEBUG_INFORMATION_FORMAT = "dwarf-with-dsym";
				ENABLE_NS_ASSERTIONS = NO;
				ENABLE_STRICT_OBJC_MSGSEND = YES;
				ENABLE_USER_SCRIPT_SANDBOXING = YES;
				GCC_C_LANGUAGE_STANDARD = gnu17;
				GCC_NO_COMMON_BLOCKS = YES;
				GCC_WARN_64_TO_32_BIT_CONVERSION = YES;
				GCC_WARN_ABOUT_RETURN_TYPE = YES_ERROR;
				GCC_WARN_UNDECLARED_SELECTOR = YES;
				GCC_WARN_UNINITIALIZED_AUTOS = YES_AGGRESSIVE;
				GCC_WARN_UNUSED_FUNCTION = YES;
				GCC_WARN_UNUSED_VARIABLE = YES;
				IPHONEOS_DEPLOYMENT_TARGET = 17.0;
				LOCALIZATION_PREFERS_STRING_CATALOGS = YES;
				MTL_ENABLE_DEBUG_INFO = NO;
				MTL_FAST_MATH = YES;
				SDKROOT = iphoneos;
				SWIFT_COMPILATION_MODE = wholemodule;
				VALIDATE_PRODUCT = YES;
			};
			name = Release;
		};
		0384ECEE2B6A142E00411E02 /* Debug */ = {
			isa = XCBuildConfiguration;
			buildSettings = {
				ASSETCATALOG_COMPILER_APPICON_NAME = AppIcon;
				ASSETCATALOG_COMPILER_GLOBAL_ACCENT_COLOR_NAME = AccentColor;
				CODE_SIGN_STYLE = Automatic;
				CURRENT_PROJECT_VERSION = 1;
				DEVELOPMENT_TEAM = F2YX27TG52;
				GENERATE_INFOPLIST_FILE = YES;
				INFOPLIST_FILE = iOSExamples/Info.plist;
				INFOPLIST_KEY_UIApplicationSupportsIndirectInputEvents = YES;
				INFOPLIST_KEY_UILaunchStoryboardName = LaunchScreen;
				INFOPLIST_KEY_UIMainStoryboardFile = Main;
				INFOPLIST_KEY_UISupportedInterfaceOrientations_iPad = "UIInterfaceOrientationPortrait UIInterfaceOrientationPortraitUpsideDown UIInterfaceOrientationLandscapeLeft UIInterfaceOrientationLandscapeRight";
				INFOPLIST_KEY_UISupportedInterfaceOrientations_iPhone = "UIInterfaceOrientationPortrait UIInterfaceOrientationLandscapeLeft UIInterfaceOrientationLandscapeRight";
				LD_RUNPATH_SEARCH_PATHS = (
					"$(inherited)",
					"@executable_path/Frameworks",
				);
				MARKETING_VERSION = 1.0;
				PRODUCT_BUNDLE_IDENTIFIER = com.github.skyfe79.iOSExamples;
				PRODUCT_NAME = "$(TARGET_NAME)";
				SWIFT_EMIT_LOC_STRINGS = YES;
				SWIFT_VERSION = 5.0;
				TARGETED_DEVICE_FAMILY = "1,2";
			};
			name = Debug;
		};
		0384ECEF2B6A142E00411E02 /* Release */ = {
			isa = XCBuildConfiguration;
			buildSettings = {
				ASSETCATALOG_COMPILER_APPICON_NAME = AppIcon;
				ASSETCATALOG_COMPILER_GLOBAL_ACCENT_COLOR_NAME = AccentColor;
				CODE_SIGN_STYLE = Automatic;
				CURRENT_PROJECT_VERSION = 1;
				DEVELOPMENT_TEAM = F2YX27TG52;
				GENERATE_INFOPLIST_FILE = YES;
				INFOPLIST_FILE = iOSExamples/Info.plist;
				INFOPLIST_KEY_UIApplicationSupportsIndirectInputEvents = YES;
				INFOPLIST_KEY_UILaunchStoryboardName = LaunchScreen;
				INFOPLIST_KEY_UIMainStoryboardFile = Main;
				INFOPLIST_KEY_UISupportedInterfaceOrientations_iPad = "UIInterfaceOrientationPortrait UIInterfaceOrientationPortraitUpsideDown UIInterfaceOrientationLandscapeLeft UIInterfaceOrientationLandscapeRight";
				INFOPLIST_KEY_UISupportedInterfaceOrientations_iPhone = "UIInterfaceOrientationPortrait UIInterfaceOrientationLandscapeLeft UIInterfaceOrientationLandscapeRight";
				LD_RUNPATH_SEARCH_PATHS = (
					"$(inherited)",
					"@executable_path/Frameworks",
				);
				MARKETING_VERSION = 1.0;
				PRODUCT_BUNDLE_IDENTIFIER = com.github.skyfe79.iOSExamples;
				PRODUCT_NAME = "$(TARGET_NAME)";
				SWIFT_EMIT_LOC_STRINGS = YES;
				SWIFT_VERSION = 5.0;
				TARGETED_DEVICE_FAMILY = "1,2";
			};
			name = Release;
		};
/* End XCBuildConfiguration section */

/* Begin XCConfigurationList section */
		0384ECD42B6A142D00411E02 /* Build configuration list for PBXProject "iOSExamples" */ = {
			isa = XCConfigurationList;
			buildConfigurations = (
				0384ECEB2B6A142E00411E02 /* Debug */,
				0384ECEC2B6A142E00411E02 /* Release */,
			);
			defaultConfigurationIsVisible = 0;
			defaultConfigurationName = Release;
		};
		0384ECED2B6A142E00411E02 /* Build configuration list for PBXNativeTarget "iOSExamples" */ = {
			isa = XCConfigurationList;
			buildConfigurations = (
				0384ECEE2B6A142E00411E02 /* Debug */,
				0384ECEF2B6A142E00411E02 /* Release */,
			);
			defaultConfigurationIsVisible = 0;
			defaultConfigurationName = Release;
		};
/* End XCConfigurationList section */

/* Begin XCSwiftPackageProductDependency section */
		0384ECF22B6A1CB600411E02 /* ComposeLayout */ = {
			isa = XCSwiftPackageProductDependency;
			productName = ComposeLayout;
		};
/* End XCSwiftPackageProductDependency section */
	};
	rootObject = 0384ECD12B6A142D00411E02 /* Project object */;
}
