// !$*UTF8*$!
{
	archiveVersion = 1;
	classes = {
	};
	objectVersion = 56;
	objects = {

/* Begin PBXBuildFile section */
		031519962B6C7D4600F17A15 /* OutlineViewController.swift in Sources */ = {isa = PBXBuildFile; fileRef = 031519952B6C7D4600F17A15 /* OutlineViewController.swift */; };
		031519982B6C7D8100F17A15 /* DevViewController.swift in Sources */ = {isa = PBXBuildFile; fileRef = 031519972B6C7D8100F17A15 /* DevViewController.swift */; };
		0315199C2B6C7E6F00F17A15 /* OutlineItem.swift in Sources */ = {isa = PBXBuildFile; fileRef = 0315199B2B6C7E6F00F17A15 /* OutlineItem.swift */; };
		0315199E2B6C7FEF00F17A15 /* CollectionViewProvider.swift in Sources */ = {isa = PBXBuildFile; fileRef = 0315199D2B6C7FEF00F17A15 /* CollectionViewProvider.swift */; };
		031519A12B6C802F00F17A15 /* DiffableDataSourceProvider.swift in Sources */ = {isa = PBXBuildFile; fileRef = 031519A02B6C802F00F17A15 /* DiffableDataSourceProvider.swift */; };
		031519A32B6C867A00F17A15 /* Example.swift in Sources */ = {isa = PBXBuildFile; fileRef = 031519A22B6C867A00F17A15 /* Example.swift */; };
		031519A72B6CEBFF00F17A15 /* GridViewController.swift in Sources */ = {isa = PBXBuildFile; fileRef = 031519A62B6CEBFF00F17A15 /* GridViewController.swift */; };
		031519AA2B6CED4300F17A15 /* TextCell.swift in Sources */ = {isa = PBXBuildFile; fileRef = 031519A92B6CED4300F17A15 /* TextCell.swift */; };
		031519AD2B6CEDF300F17A15 /* UIColor+Extension.swift in Sources */ = {isa = PBXBuildFile; fileRef = 031519AC2B6CEDF300F17A15 /* UIColor+Extension.swift */; };
		031519B02B6D16D200F17A15 /* TwoColumnViewController.swift in Sources */ = {isa = PBXBuildFile; fileRef = 031519AF2B6D16D200F17A15 /* TwoColumnViewController.swift */; };
		031519B32B6D18F600F17A15 /* InsetItemsGridViewController.swift in Sources */ = {isa = PBXBuildFile; fileRef = 031519B22B6D18F600F17A15 /* InsetItemsGridViewController.swift */; };
		031519B62B6D1EB500F17A15 /* DistinctSectionsViewController.swift in Sources */ = {isa = PBXBuildFile; fileRef = 031519B52B6D1EB500F17A15 /* DistinctSectionsViewController.swift */; };
		031519B82B6D1F6F00F17A15 /* ListCell.swift in Sources */ = {isa = PBXBuildFile; fileRef = 031519B72B6D1F6F00F17A15 /* ListCell.swift */; };
		031519BB2B6D274B00F17A15 /* AdaptiveSectionsViewController.swift in Sources */ = {isa = PBXBuildFile; fileRef = 031519BA2B6D274B00F17A15 /* AdaptiveSectionsViewController.swift */; };
		0384ECDD2B6A142D00411E02 /* AppDelegate.swift in Sources */ = {isa = PBXBuildFile; fileRef = 0384ECDC2B6A142D00411E02 /* AppDelegate.swift */; };
		0384ECDF2B6A142D00411E02 /* SceneDelegate.swift in Sources */ = {isa = PBXBuildFile; fileRef = 0384ECDE2B6A142D00411E02 /* SceneDelegate.swift */; };
		0384ECE42B6A142D00411E02 /* Main.storyboard in Resources */ = {isa = PBXBuildFile; fileRef = 0384ECE22B6A142D00411E02 /* Main.storyboard */; };
		0384ECE62B6A142E00411E02 /* Assets.xcassets in Resources */ = {isa = PBXBuildFile; fileRef = 0384ECE52B6A142E00411E02 /* Assets.xcassets */; };
		0384ECE92B6A142E00411E02 /* LaunchScreen.storyboard in Resources */ = {isa = PBXBuildFile; fileRef = 0384ECE72B6A142E00411E02 /* LaunchScreen.storyboard */; };
		0384ECF32B6A1CB600411E02 /* ComposeLayout in Frameworks */ = {isa = PBXBuildFile; productRef = 0384ECF22B6A1CB600411E02 /* ComposeLayout */; };
/* End PBXBuildFile section */

/* Begin PBXFileReference section */
		031519952B6C7D4600F17A15 /* OutlineViewController.swift */ = {isa = PBXFileReference; lastKnownFileType = sourcecode.swift; path = OutlineViewController.swift; sourceTree = "<group>"; };
		031519972B6C7D8100F17A15 /* DevViewController.swift */ = {isa = PBXFileReference; fileEncoding = 4; lastKnownFileType = sourcecode.swift; path = DevViewController.swift; sourceTree = "<group>"; };
		0315199B2B6C7E6F00F17A15 /* OutlineItem.swift */ = {isa = PBXFileReference; lastKnownFileType = sourcecode.swift; path = OutlineItem.swift; sourceTree = "<group>"; };
		0315199D2B6C7FEF00F17A15 /* CollectionViewProvider.swift */ = {isa = PBXFileReference; lastKnownFileType = sourcecode.swift; path = CollectionViewProvider.swift; sourceTree = "<group>"; };
		031519A02B6C802F00F17A15 /* DiffableDataSourceProvider.swift */ = {isa = PBXFileReference; lastKnownFileType = sourcecode.swift; path = DiffableDataSourceProvider.swift; sourceTree = "<group>"; };
		031519A22B6C867A00F17A15 /* Example.swift */ = {isa = PBXFileReference; lastKnownFileType = sourcecode.swift; path = Example.swift; sourceTree = "<group>"; };
		031519A62B6CEBFF00F17A15 /* GridViewController.swift */ = {isa = PBXFileReference; lastKnownFileType = sourcecode.swift; path = GridViewController.swift; sourceTree = "<group>"; };
		031519A92B6CED4300F17A15 /* TextCell.swift */ = {isa = PBXFileReference; lastKnownFileType = sourcecode.swift; path = TextCell.swift; sourceTree = "<group>"; };
		031519AC2B6CEDF300F17A15 /* UIColor+Extension.swift */ = {isa = PBXFileReference; lastKnownFileType = sourcecode.swift; path = "UIColor+Extension.swift"; sourceTree = "<group>"; };
		031519AF2B6D16D200F17A15 /* TwoColumnViewController.swift */ = {isa = PBXFileReference; lastKnownFileType = sourcecode.swift; path = TwoColumnViewController.swift; sourceTree = "<group>"; };
		031519B22B6D18F600F17A15 /* InsetItemsGridViewController.swift */ = {isa = PBXFileReference; lastKnownFileType = sourcecode.swift; path = InsetItemsGridViewController.swift; sourceTree = "<group>"; };
		031519B52B6D1EB500F17A15 /* DistinctSectionsViewController.swift */ = {isa = PBXFileReference; lastKnownFileType = sourcecode.swift; path = DistinctSectionsViewController.swift; sourceTree = "<group>"; };
		031519B72B6D1F6F00F17A15 /* ListCell.swift */ = {isa = PBXFileReference; lastKnownFileType = sourcecode.swift; path = ListCell.swift; sourceTree = "<group>"; };
		031519BA2B6D274B00F17A15 /* AdaptiveSectionsViewController.swift */ = {isa = PBXFileReference; lastKnownFileType = sourcecode.swift; path = AdaptiveSectionsViewController.swift; sourceTree = "<group>"; };
		0384ECD92B6A142D00411E02 /* iOSExamples.app */ = {isa = PBXFileReference; explicitFileType = wrapper.application; includeInIndex = 0; path = iOSExamples.app; sourceTree = BUILT_PRODUCTS_DIR; };
		0384ECDC2B6A142D00411E02 /* AppDelegate.swift */ = {isa = PBXFileReference; lastKnownFileType = sourcecode.swift; path = AppDelegate.swift; sourceTree = "<group>"; };
		0384ECDE2B6A142D00411E02 /* SceneDelegate.swift */ = {isa = PBXFileReference; lastKnownFileType = sourcecode.swift; path = SceneDelegate.swift; sourceTree = "<group>"; };
		0384ECE32B6A142D00411E02 /* Base */ = {isa = PBXFileReference; lastKnownFileType = file.storyboard; name = Base; path = Base.lproj/Main.storyboard; sourceTree = "<group>"; };
		0384ECE52B6A142E00411E02 /* Assets.xcassets */ = {isa = PBXFileReference; lastKnownFileType = folder.assetcatalog; path = Assets.xcassets; sourceTree = "<group>"; };
		0384ECE82B6A142E00411E02 /* Base */ = {isa = PBXFileReference; lastKnownFileType = file.storyboard; name = Base; path = Base.lproj/LaunchScreen.storyboard; sourceTree = "<group>"; };
		0384ECEA2B6A142E00411E02 /* Info.plist */ = {isa = PBXFileReference; lastKnownFileType = text.plist.xml; path = Info.plist; sourceTree = "<group>"; };
		0384ECF02B6A149C00411E02 /* ComposeLayout */ = {isa = PBXFileReference; lastKnownFileType = wrapper; name = ComposeLayout; path = ../..; sourceTree = "<group>"; };
/* End PBXFileReference section */

/* Begin PBXFrameworksBuildPhase section */
		0384ECD62B6A142D00411E02 /* Frameworks */ = {
			isa = PBXFrameworksBuildPhase;
			buildActionMask = 2147483647;
			files = (
				0384ECF32B6A1CB600411E02 /* ComposeLayout in Frameworks */,
			);
			runOnlyForDeploymentPostprocessing = 0;
		};
/* End PBXFrameworksBuildPhase section */

/* Begin PBXGroup section */
		031519992B6C7E5500F17A15 /* Outline */ = {
			isa = PBXGroup;
			children = (
				0315199A2B6C7E6200F17A15 /* Models */,
				031519952B6C7D4600F17A15 /* OutlineViewController.swift */,
			);
			path = Outline;
			sourceTree = "<group>";
		};
		0315199A2B6C7E6200F17A15 /* Models */ = {
			isa = PBXGroup;
			children = (
				0315199B2B6C7E6F00F17A15 /* OutlineItem.swift */,
			);
			path = Models;
			sourceTree = "<group>";
		};
		0315199F2B6C801600F17A15 /* Protocols */ = {
			isa = PBXGroup;
			children = (
				0315199D2B6C7FEF00F17A15 /* CollectionViewProvider.swift */,
				031519A02B6C802F00F17A15 /* DiffableDataSourceProvider.swift */,
				031519A22B6C867A00F17A15 /* Example.swift */,
			);
			path = Protocols;
			sourceTree = "<group>";
		};
		031519A42B6CEBB200F17A15 /* Compositonal Layout */ = {
			isa = PBXGroup;
			children = (
				031519A52B6CEBF000F17A15 /* Grid */,
				031519B12B6D18E000F17A15 /* InsetItemsGrid */,
				031519AE2B6D16BD00F17A15 /* TwoColumnGrid */,
				031519B42B6D1EA100F17A15 /* DistinctSections */,
				031519B92B6D270B00F17A15 /* AdaptiveSections */,
			);
			path = "Compositonal Layout";
			sourceTree = "<group>";
		};
		031519A52B6CEBF000F17A15 /* Grid */ = {
			isa = PBXGroup;
			children = (
				031519A62B6CEBFF00F17A15 /* GridViewController.swift */,
			);
			path = Grid;
			sourceTree = "<group>";
		};
		031519A82B6CED2400F17A15 /* Cells and Supplementary Views */ = {
			isa = PBXGroup;
			children = (
				031519A92B6CED4300F17A15 /* TextCell.swift */,
				031519B72B6D1F6F00F17A15 /* ListCell.swift */,
			);
			path = "Cells and Supplementary Views";
			sourceTree = "<group>";
		};
		031519AB2B6CEDE400F17A15 /* Extenstions */ = {
			isa = PBXGroup;
			children = (
				031519AC2B6CEDF300F17A15 /* UIColor+Extension.swift */,
			);
			path = Extenstions;
			sourceTree = "<group>";
		};
		031519AE2B6D16BD00F17A15 /* TwoColumnGrid */ = {
			isa = PBXGroup;
			children = (
				031519AF2B6D16D200F17A15 /* TwoColumnViewController.swift */,
			);
			path = TwoColumnGrid;
			sourceTree = "<group>";
		};
		031519B12B6D18E000F17A15 /* InsetItemsGrid */ = {
			isa = PBXGroup;
			children = (
				031519B22B6D18F600F17A15 /* InsetItemsGridViewController.swift */,
			);
			path = InsetItemsGrid;
			sourceTree = "<group>";
		};
		031519B42B6D1EA100F17A15 /* DistinctSections */ = {
			isa = PBXGroup;
			children = (
				031519B52B6D1EB500F17A15 /* DistinctSectionsViewController.swift */,
			);
			path = DistinctSections;
			sourceTree = "<group>";
		};
		031519B92B6D270B00F17A15 /* AdaptiveSections */ = {
			isa = PBXGroup;
			children = (
				031519BA2B6D274B00F17A15 /* AdaptiveSectionsViewController.swift */,
			);
			path = AdaptiveSections;
			sourceTree = "<group>";
		};
		0384ECD02B6A142D00411E02 = {
			isa = PBXGroup;
			children = (
				0384ECF02B6A149C00411E02 /* ComposeLayout */,
				0384ECDB2B6A142D00411E02 /* iOSExamples */,
				0384ECDA2B6A142D00411E02 /* Products */,
				0384ECF12B6A1CB600411E02 /* Frameworks */,
			);
			sourceTree = "<group>";
		};
		0384ECDA2B6A142D00411E02 /* Products */ = {
			isa = PBXGroup;
			children = (
				0384ECD92B6A142D00411E02 /* iOSExamples.app */,
			);
			name = Products;
			sourceTree = "<group>";
		};
		0384ECDB2B6A142D00411E02 /* iOSExamples */ = {
			isa = PBXGroup;
			children = (
				031519AB2B6CEDE400F17A15 /* Extenstions */,
				031519A82B6CED2400F17A15 /* Cells and Supplementary Views */,
				0315199F2B6C801600F17A15 /* Protocols */,
				031519992B6C7E5500F17A15 /* Outline */,
				031519A42B6CEBB200F17A15 /* Compositonal Layout */,
				031519972B6C7D8100F17A15 /* DevViewController.swift */,
				0384ECDC2B6A142D00411E02 /* AppDelegate.swift */,
				0384ECDE2B6A142D00411E02 /* SceneDelegate.swift */,
				0384ECE22B6A142D00411E02 /* Main.storyboard */,
				0384ECE52B6A142E00411E02 /* Assets.xcassets */,
				0384ECE72B6A142E00411E02 /* LaunchScreen.storyboard */,
				0384ECEA2B6A142E00411E02 /* Info.plist */,
			);
			path = iOSExamples;
			sourceTree = "<group>";
		};
		0384ECF12B6A1CB600411E02 /* Frameworks */ = {
			isa = PBXGroup;
			children = (
			);
			name = Frameworks;
			sourceTree = "<group>";
		};
/* End PBXGroup section */

/* Begin PBXNativeTarget section */
		0384ECD82B6A142D00411E02 /* iOSExamples */ = {
			isa = PBXNativeTarget;
			buildConfigurationList = 0384ECED2B6A142E00411E02 /* Build configuration list for PBXNativeTarget "iOSExamples" */;
			buildPhases = (
				0384ECD52B6A142D00411E02 /* Sources */,
				0384ECD62B6A142D00411E02 /* Frameworks */,
				0384ECD72B6A142D00411E02 /* Resources */,
			);
			buildRules = (
			);
			dependencies = (
			);
			name = iOSExamples;
			packageProductDependencies = (
				0384ECF22B6A1CB600411E02 /* ComposeLayout */,
			);
			productName = iOSExamples;
			productReference = 0384ECD92B6A142D00411E02 /* iOSExamples.app */;
			productType = "com.apple.product-type.application";
		};
/* End PBXNativeTarget section */

/* Begin PBXProject section */
		0384ECD12B6A142D00411E02 /* Project object */ = {
			isa = PBXProject;
			attributes = {
				BuildIndependentTargetsInParallel = 1;
				LastSwiftUpdateCheck = 1500;
				LastUpgradeCheck = 1500;
				TargetAttributes = {
					0384ECD82B6A142D00411E02 = {
						CreatedOnToolsVersion = 15.0.1;
					};
				};
			};
			buildConfigurationList = 0384ECD42B6A142D00411E02 /* Build configuration list for PBXProject "iOSExamples" */;
			compatibilityVersion = "Xcode 14.0";
			developmentRegion = en;
			hasScannedForEncodings = 0;
			knownRegions = (
				en,
				Base,
			);
			mainGroup = 0384ECD02B6A142D00411E02;
			productRefGroup = 0384ECDA2B6A142D00411E02 /* Products */;
			projectDirPath = "";
			projectRoot = "";
			targets = (
				0384ECD82B6A142D00411E02 /* iOSExamples */,
			);
		};
/* End PBXProject section */

/* Begin PBXResourcesBuildPhase section */
		0384ECD72B6A142D00411E02 /* Resources */ = {
			isa = PBXResourcesBuildPhase;
			buildActionMask = 2147483647;
			files = (
				0384ECE92B6A142E00411E02 /* LaunchScreen.storyboard in Resources */,
				0384ECE62B6A142E00411E02 /* Assets.xcassets in Resources */,
				0384ECE42B6A142D00411E02 /* Main.storyboard in Resources */,
			);
			runOnlyForDeploymentPostprocessing = 0;
		};
/* End PBXResourcesBuildPhase section */

/* Begin PBXSourcesBuildPhase section */
		0384ECD52B6A142D00411E02 /* Sources */ = {
			isa = PBXSourcesBuildPhase;
			buildActionMask = 2147483647;
			files = (
				031519AA2B6CED4300F17A15 /* TextCell.swift in Sources */,
				031519982B6C7D8100F17A15 /* DevViewController.swift in Sources */,
				0315199E2B6C7FEF00F17A15 /* CollectionViewProvider.swift in Sources */,
				031519B82B6D1F6F00F17A15 /* ListCell.swift in Sources */,
				031519BB2B6D274B00F17A15 /* AdaptiveSectionsViewController.swift in Sources */,
				031519B02B6D16D200F17A15 /* TwoColumnViewController.swift in Sources */,
				031519AD2B6CEDF300F17A15 /* UIColor+Extension.swift in Sources */,
				031519962B6C7D4600F17A15 /* OutlineViewController.swift in Sources */,
				031519B62B6D1EB500F17A15 /* DistinctSectionsViewController.swift in Sources */,
				0384ECDD2B6A142D00411E02 /* AppDelegate.swift in Sources */,
				031519B32B6D18F600F17A15 /* InsetItemsGridViewController.swift in Sources */,
				031519A32B6C867A00F17A15 /* Example.swift in Sources */,
				0384ECDF2B6A142D00411E02 /* SceneDelegate.swift in Sources */,
				0315199C2B6C7E6F00F17A15 /* OutlineItem.swift in Sources */,
				031519A12B6C802F00F17A15 /* DiffableDataSourceProvider.swift in Sources */,
				031519A72B6CEBFF00F17A15 /* GridViewController.swift in Sources */,
			);
			runOnlyForDeploymentPostprocessing = 0;
		};
/* End PBXSourcesBuildPhase section */

/* Begin PBXVariantGroup section */
		0384ECE22B6A142D00411E02 /* Main.storyboard */ = {
			isa = PBXVariantGroup;
			children = (
				0384ECE32B6A142D00411E02 /* Base */,
			);
			name = Main.storyboard;
			sourceTree = "<group>";
		};
		0384ECE72B6A142E00411E02 /* LaunchScreen.storyboard */ = {
			isa = PBXVariantGroup;
			children = (
				0384ECE82B6A142E00411E02 /* Base */,
			);
			name = LaunchScreen.storyboard;
			sourceTree = "<group>";
		};
/* End PBXVariantGroup section */

/* Begin XCBuildConfiguration section */
		0384ECEB2B6A142E00411E02 /* Debug */ = {
			isa = XCBuildConfiguration;
			buildSettings = {
				ALWAYS_SEARCH_USER_PATHS = NO;
				ASSETCATALOG_COMPILER_GENERATE_SWIFT_ASSET_SYMBOL_EXTENSIONS = YES;
				CLANG_ANALYZER_NONNULL = YES;
				CLANG_ANALYZER_NUMBER_OBJECT_CONVERSION = YES_AGGRESSIVE;
				CLANG_CXX_LANGUAGE_STANDARD = "gnu++20";
				CLANG_ENABLE_MODULES = YES;
				CLANG_ENABLE_OBJC_ARC = YES;
				CLANG_ENABLE_OBJC_WEAK = YES;
				CLANG_WARN_BLOCK_CAPTURE_AUTORELEASING = YES;
				CLANG_WARN_BOOL_CONVERSION = YES;
				CLANG_WARN_COMMA = YES;
				CLANG_WARN_CONSTANT_CONVERSION = YES;
				CLANG_WARN_DEPRECATED_OBJC_IMPLEMENTATIONS = YES;
				CLANG_WARN_DIRECT_OBJC_ISA_USAGE = YES_ERROR;
				CLANG_WARN_DOCUMENTATION_COMMENTS = YES;
				CLANG_WARN_EMPTY_BODY = YES;
				CLANG_WARN_ENUM_CONVERSION = YES;
				CLANG_WARN_INFINITE_RECURSION = YES;
				CLANG_WARN_INT_CONVERSION = YES;
				CLANG_WARN_NON_LITERAL_NULL_CONVERSION = YES;
				CLANG_WARN_OBJC_IMPLICIT_RETAIN_SELF = YES;
				CLANG_WARN_OBJC_LITERAL_CONVERSION = YES;
				CLANG_WARN_OBJC_ROOT_CLASS = YES_ERROR;
				CLANG_WARN_QUOTED_INCLUDE_IN_FRAMEWORK_HEADER = YES;
				CLANG_WARN_RANGE_LOOP_ANALYSIS = YES;
				CLANG_WARN_STRICT_PROTOTYPES = YES;
				CLANG_WARN_SUSPICIOUS_MOVE = YES;
				CLANG_WARN_UNGUARDED_AVAILABILITY = YES_AGGRESSIVE;
				CLANG_WARN_UNREACHABLE_CODE = YES;
				CLANG_WARN__DUPLICATE_METHOD_MATCH = YES;
				COPY_PHASE_STRIP = NO;
				DEBUG_INFORMATION_FORMAT = dwarf;
				ENABLE_STRICT_OBJC_MSGSEND = YES;
				ENABLE_TESTABILITY = YES;
				ENABLE_USER_SCRIPT_SANDBOXING = YES;
				GCC_C_LANGUAGE_STANDARD = gnu17;
				GCC_DYNAMIC_NO_PIC = NO;
				GCC_NO_COMMON_BLOCKS = YES;
				GCC_OPTIMIZATION_LEVEL = 0;
				GCC_PREPROCESSOR_DEFINITIONS = (
					"DEBUG=1",
					"$(inherited)",
				);
				GCC_WARN_64_TO_32_BIT_CONVERSION = YES;
				GCC_WARN_ABOUT_RETURN_TYPE = YES_ERROR;
				GCC_WARN_UNDECLARED_SELECTOR = YES;
				GCC_WARN_UNINITIALIZED_AUTOS = YES_AGGRESSIVE;
				GCC_WARN_UNUSED_FUNCTION = YES;
				GCC_WARN_UNUSED_VARIABLE = YES;
				IPHONEOS_DEPLOYMENT_TARGET = 17.0;
				LOCALIZATION_PREFERS_STRING_CATALOGS = YES;
				MTL_ENABLE_DEBUG_INFO = INCLUDE_SOURCE;
				MTL_FAST_MATH = YES;
				ONLY_ACTIVE_ARCH = YES;
				SDKROOT = iphoneos;
				SWIFT_ACTIVE_COMPILATION_CONDITIONS = "DEBUG $(inherited)";
				SWIFT_OPTIMIZATION_LEVEL = "-Onone";
			};
			name = Debug;
		};
		0384ECEC2B6A142E00411E02 /* Release */ = {
			isa = XCBuildConfiguration;
			buildSettings = {
				ALWAYS_SEARCH_USER_PATHS = NO;
				ASSETCATALOG_COMPILER_GENERATE_SWIFT_ASSET_SYMBOL_EXTENSIONS = YES;
				CLANG_ANALYZER_NONNULL = YES;
				CLANG_ANALYZER_NUMBER_OBJECT_CONVERSION = YES_AGGRESSIVE;
				CLANG_CXX_LANGUAGE_STANDARD = "gnu++20";
				CLANG_ENABLE_MODULES = YES;
				CLANG_ENABLE_OBJC_ARC = YES;
				CLANG_ENABLE_OBJC_WEAK = YES;
				CLANG_WARN_BLOCK_CAPTURE_AUTORELEASING = YES;
				CLANG_WARN_BOOL_CONVERSION = YES;
				CLANG_WARN_COMMA = YES;
				CLANG_WARN_CONSTANT_CONVERSION = YES;
				CLANG_WARN_DEPRECATED_OBJC_IMPLEMENTATIONS = YES;
				CLANG_WARN_DIRECT_OBJC_ISA_USAGE = YES_ERROR;
				CLANG_WARN_DOCUMENTATION_COMMENTS = YES;
				CLANG_WARN_EMPTY_BODY = YES;
				CLANG_WARN_ENUM_CONVERSION = YES;
				CLANG_WARN_INFINITE_RECURSION = YES;
				CLANG_WARN_INT_CONVERSION = YES;
				CLANG_WARN_NON_LITERAL_NULL_CONVERSION = YES;
				CLANG_WARN_OBJC_IMPLICIT_RETAIN_SELF = YES;
				CLANG_WARN_OBJC_LITERAL_CONVERSION = YES;
				CLANG_WARN_OBJC_ROOT_CLASS = YES_ERROR;
				CLANG_WARN_QUOTED_INCLUDE_IN_FRAMEWORK_HEADER = YES;
				CLANG_WARN_RANGE_LOOP_ANALYSIS = YES;
				CLANG_WARN_STRICT_PROTOTYPES = YES;
				CLANG_WARN_SUSPICIOUS_MOVE = YES;
				CLANG_WARN_UNGUARDED_AVAILABILITY = YES_AGGRESSIVE;
				CLANG_WARN_UNREACHABLE_CODE = YES;
				CLANG_WARN__DUPLICATE_METHOD_MATCH = YES;
				COPY_PHASE_STRIP = NO;
				DEBUG_INFORMATION_FORMAT = "dwarf-with-dsym";
				ENABLE_NS_ASSERTIONS = NO;
				ENABLE_STRICT_OBJC_MSGSEND = YES;
				ENABLE_USER_SCRIPT_SANDBOXING = YES;
				GCC_C_LANGUAGE_STANDARD = gnu17;
				GCC_NO_COMMON_BLOCKS = YES;
				GCC_WARN_64_TO_32_BIT_CONVERSION = YES;
				GCC_WARN_ABOUT_RETURN_TYPE = YES_ERROR;
				GCC_WARN_UNDECLARED_SELECTOR = YES;
				GCC_WARN_UNINITIALIZED_AUTOS = YES_AGGRESSIVE;
				GCC_WARN_UNUSED_FUNCTION = YES;
				GCC_WARN_UNUSED_VARIABLE = YES;
				IPHONEOS_DEPLOYMENT_TARGET = 17.0;
				LOCALIZATION_PREFERS_STRING_CATALOGS = YES;
				MTL_ENABLE_DEBUG_INFO = NO;
				MTL_FAST_MATH = YES;
				SDKROOT = iphoneos;
				SWIFT_COMPILATION_MODE = wholemodule;
				VALIDATE_PRODUCT = YES;
			};
			name = Release;
		};
		0384ECEE2B6A142E00411E02 /* Debug */ = {
			isa = XCBuildConfiguration;
			buildSettings = {
				ASSETCATALOG_COMPILER_APPICON_NAME = AppIcon;
				ASSETCATALOG_COMPILER_GLOBAL_ACCENT_COLOR_NAME = AccentColor;
				CODE_SIGN_STYLE = Automatic;
				CURRENT_PROJECT_VERSION = 1;
				DEVELOPMENT_TEAM = F2YX27TG52;
				GENERATE_INFOPLIST_FILE = YES;
				INFOPLIST_FILE = iOSExamples/Info.plist;
				INFOPLIST_KEY_UIApplicationSupportsIndirectInputEvents = YES;
				INFOPLIST_KEY_UILaunchStoryboardName = LaunchScreen;
				INFOPLIST_KEY_UIMainStoryboardFile = Main;
				INFOPLIST_KEY_UISupportedInterfaceOrientations_iPad = "UIInterfaceOrientationPortrait UIInterfaceOrientationPortraitUpsideDown UIInterfaceOrientationLandscapeLeft UIInterfaceOrientationLandscapeRight";
				INFOPLIST_KEY_UISupportedInterfaceOrientations_iPhone = "UIInterfaceOrientationPortrait UIInterfaceOrientationLandscapeLeft UIInterfaceOrientationLandscapeRight";
				LD_RUNPATH_SEARCH_PATHS = (
					"$(inherited)",
					"@executable_path/Frameworks",
				);
				MARKETING_VERSION = 1.0;
				PRODUCT_BUNDLE_IDENTIFIER = com.github.skyfe79.iOSExamples;
				PRODUCT_NAME = "$(TARGET_NAME)";
				SWIFT_EMIT_LOC_STRINGS = YES;
				SWIFT_VERSION = 5.0;
				TARGETED_DEVICE_FAMILY = "1,2";
			};
			name = Debug;
		};
		0384ECEF2B6A142E00411E02 /* Release */ = {
			isa = XCBuildConfiguration;
			buildSettings = {
				ASSETCATALOG_COMPILER_APPICON_NAME = AppIcon;
				ASSETCATALOG_COMPILER_GLOBAL_ACCENT_COLOR_NAME = AccentColor;
				CODE_SIGN_STYLE = Automatic;
				CURRENT_PROJECT_VERSION = 1;
				DEVELOPMENT_TEAM = F2YX27TG52;
				GENERATE_INFOPLIST_FILE = YES;
				INFOPLIST_FILE = iOSExamples/Info.plist;
				INFOPLIST_KEY_UIApplicationSupportsIndirectInputEvents = YES;
				INFOPLIST_KEY_UILaunchStoryboardName = LaunchScreen;
				INFOPLIST_KEY_UIMainStoryboardFile = Main;
				INFOPLIST_KEY_UISupportedInterfaceOrientations_iPad = "UIInterfaceOrientationPortrait UIInterfaceOrientationPortraitUpsideDown UIInterfaceOrientationLandscapeLeft UIInterfaceOrientationLandscapeRight";
				INFOPLIST_KEY_UISupportedInterfaceOrientations_iPhone = "UIInterfaceOrientationPortrait UIInterfaceOrientationLandscapeLeft UIInterfaceOrientationLandscapeRight";
				LD_RUNPATH_SEARCH_PATHS = (
					"$(inherited)",
					"@executable_path/Frameworks",
				);
				MARKETING_VERSION = 1.0;
				PRODUCT_BUNDLE_IDENTIFIER = com.github.skyfe79.iOSExamples;
				PRODUCT_NAME = "$(TARGET_NAME)";
				SWIFT_EMIT_LOC_STRINGS = YES;
				SWIFT_VERSION = 5.0;
				TARGETED_DEVICE_FAMILY = "1,2";
			};
			name = Release;
		};
/* End XCBuildConfiguration section */

/* Begin XCConfigurationList section */
		0384ECD42B6A142D00411E02 /* Build configuration list for PBXProject "iOSExamples" */ = {
			isa = XCConfigurationList;
			buildConfigurations = (
				0384ECEB2B6A142E00411E02 /* Debug */,
				0384ECEC2B6A142E00411E02 /* Release */,
			);
			defaultConfigurationIsVisible = 0;
			defaultConfigurationName = Release;
		};
		0384ECED2B6A142E00411E02 /* Build configuration list for PBXNativeTarget "iOSExamples" */ = {
			isa = XCConfigurationList;
			buildConfigurations = (
				0384ECEE2B6A142E00411E02 /* Debug */,
				0384ECEF2B6A142E00411E02 /* Release */,
			);
			defaultConfigurationIsVisible = 0;
			defaultConfigurationName = Release;
		};
/* End XCConfigurationList section */

/* Begin XCSwiftPackageProductDependency section */
		0384ECF22B6A1CB600411E02 /* ComposeLayout */ = {
			isa = XCSwiftPackageProductDependency;
			productName = ComposeLayout;
		};
/* End XCSwiftPackageProductDependency section */
	};
	rootObject = 0384ECD12B6A142D00411E02 /* Project object */;
}
